
Microsoft Visual Studio Solution File, Format Version 12.00
# Visual Studio 15
VisualStudioVersion = 15.0.27703.2018
MinimumVisualStudioVersion = 10.0.40219.1
Project("{FAE04EC0-301F-11D3-BF4B-00C04F79EFBC}") = "Movies", "Movies\Movies.csproj", "{93356CF2-25E3-49A4-A29F-E5EB510D3962}"
EndProject
Global
	GlobalSection(SolutionConfigurationPlatforms) = preSolution
		Debug|Any CPU = Debug|Any CPU
		Release|Any CPU = Release|Any CPU
	EndGlobalSection
	GlobalSection(ProjectConfigurationPlatforms) = postSolution
		{93356CF2-25E3-49A4-A29F-E5EB510D3962}.Debug|Any CPU.ActiveCfg = Debug|Any CPU
		{93356CF2-25E3-49A4-A29F-E5EB510D3962}.Debug|Any CPU.Build.0 = Debug|Any CPU
		{93356CF2-25E3-49A4-A29F-E5EB510D3962}.Release|Any CPU.ActiveCfg = Release|Any CPU
		{93356CF2-25E3-49A4-A29F-E5EB510D3962}.Release|Any CPU.Build.0 = Release|Any CPU
	EndGlobalSection
	GlobalSection(SolutionProperties) = preSolution
		HideSolutionNode = FALSE
	EndGlobalSection
	GlobalSection(ExtensibilityGlobals) = postSolution
		SolutionGuid = {C6500CB3-39E0-46EA-811F-FD6C93D5031B}
	EndGlobalSection
EndGlobal
